
Microsoft Visual Studio Solution File, Format Version 12.00
# Visual Studio Version 17
VisualStudioVersion = 17.3.32901.215
MinimumVisualStudioVersion = 10.0.40219.1
Project("{9A19103F-16F7-4668-BE54-9A1E7A4F7556}") = "BigOn", "BigOn\BigOn.csproj", "{0F6E3684-70CD-437B-87A1-AAD780F11FD4}"
EndProject
Project("{FAE04EC0-301F-11D3-BF4B-00C04F79EFBC}") = "BigOn.Domain", "BigOn.Domainn\BigOn.Domain.csproj", "{888D3A0C-3D4F-462B-9373-A8E369E68C70}"
EndProject
Global
	GlobalSection(SolutionConfigurationPlatforms) = preSolution
		Debug|Any CPU = Debug|Any CPU
		Release|Any CPU = Release|Any CPU
	EndGlobalSection
	GlobalSection(ProjectConfigurationPlatforms) = postSolution
		{0F6E3684-70CD-437B-87A1-AAD780F11FD4}.Debug|Any CPU.ActiveCfg = Debug|Any CPU
		{0F6E3684-70CD-437B-87A1-AAD780F11FD4}.Debug|Any CPU.Build.0 = Debug|Any CPU
		{0F6E3684-70CD-437B-87A1-AAD780F11FD4}.Release|Any CPU.ActiveCfg = Release|Any CPU
		{0F6E3684-70CD-437B-87A1-AAD780F11FD4}.Release|Any CPU.Build.0 = Release|Any CPU
		{888D3A0C-3D4F-462B-9373-A8E369E68C70}.Debug|Any CPU.ActiveCfg = Debug|Any CPU
		{888D3A0C-3D4F-462B-9373-A8E369E68C70}.Debug|Any CPU.Build.0 = Debug|Any CPU
		{888D3A0C-3D4F-462B-9373-A8E369E68C70}.Release|Any CPU.ActiveCfg = Release|Any CPU
		{888D3A0C-3D4F-462B-9373-A8E369E68C70}.Release|Any CPU.Build.0 = Release|Any CPU
	EndGlobalSection
	GlobalSection(SolutionProperties) = preSolution
		HideSolutionNode = FALSE
	EndGlobalSection
	GlobalSection(ExtensibilityGlobals) = postSolution
		SolutionGuid = {7129277E-F25C-4096-A060-9FDFF7CA8FD9}
	EndGlobalSection
EndGlobal
